// !$*UTF8*$!
{
	archiveVersion = 1;
	classes = {
	};
	objectVersion = 56;
	objects = {

/* Begin PBXBuildFile section */
		741E95142BBB05A6009E5FB0 /* Film.swift in Sources */ = {isa = PBXBuildFile; fileRef = 741E95132BBB05A6009E5FB0 /* Film.swift */; };
		741E95162BBB05B2009E5FB0 /* User.swift in Sources */ = {isa = PBXBuildFile; fileRef = 741E95152BBB05B2009E5FB0 /* User.swift */; };
		741E95182BBB05BC009E5FB0 /* Order.swift in Sources */ = {isa = PBXBuildFile; fileRef = 741E95172BBB05BC009E5FB0 /* Order.swift */; };
		741E951C2BBB0EA4009E5FB0 /* CreateRoomButton.swift in Sources */ = {isa = PBXBuildFile; fileRef = 741E951B2BBB0EA4009E5FB0 /* CreateRoomButton.swift */; };
		74927AC12BB9C2DA00C76221 /* ViewTubeApp.swift in Sources */ = {isa = PBXBuildFile; fileRef = 74927AC02BB9C2DA00C76221 /* ViewTubeApp.swift */; };
		74927AC32BB9C2DA00C76221 /* TabViewViewTube.swift in Sources */ = {isa = PBXBuildFile; fileRef = 74927AC22BB9C2DA00C76221 /* TabViewViewTube.swift */; };
		74927AC52BB9C2E100C76221 /* Assets.xcassets in Resources */ = {isa = PBXBuildFile; fileRef = 74927AC42BB9C2E100C76221 /* Assets.xcassets */; };
		74927AC82BB9C2E100C76221 /* Preview Assets.xcassets in Resources */ = {isa = PBXBuildFile; fileRef = 74927AC72BB9C2E100C76221 /* Preview Assets.xcassets */; };
		74927AD02BB9C55000C76221 /* LocalRoomView.swift in Sources */ = {isa = PBXBuildFile; fileRef = 74927ACF2BB9C55000C76221 /* LocalRoomView.swift */; };
		74927AD22BB9C56A00C76221 /* PrivateRoomView.swift in Sources */ = {isa = PBXBuildFile; fileRef = 74927AD12BB9C56A00C76221 /* PrivateRoomView.swift */; };
		74927AD42BB9C58E00C76221 /* MessageView.swift in Sources */ = {isa = PBXBuildFile; fileRef = 74927AD32BB9C58E00C76221 /* MessageView.swift */; };
/* End PBXBuildFile section */

/* Begin PBXFileReference section */
		741E95132BBB05A6009E5FB0 /* Film.swift */ = {isa = PBXFileReference; lastKnownFileType = sourcecode.swift; path = Film.swift; sourceTree = "<group>"; };
		741E95152BBB05B2009E5FB0 /* User.swift */ = {isa = PBXFileReference; lastKnownFileType = sourcecode.swift; path = User.swift; sourceTree = "<group>"; };
		741E95172BBB05BC009E5FB0 /* Order.swift */ = {isa = PBXFileReference; lastKnownFileType = sourcecode.swift; path = Order.swift; sourceTree = "<group>"; };
		741E951B2BBB0EA4009E5FB0 /* CreateRoomButton.swift */ = {isa = PBXFileReference; lastKnownFileType = sourcecode.swift; path = CreateRoomButton.swift; sourceTree = "<group>"; };
		74927ABD2BB9C2DA00C76221 /* ViewTubeApp.app */ = {isa = PBXFileReference; explicitFileType = wrapper.application; includeInIndex = 0; path = ViewTubeApp.app; sourceTree = BUILT_PRODUCTS_DIR; };
		74927AC02BB9C2DA00C76221 /* ViewTubeApp.swift */ = {isa = PBXFileReference; lastKnownFileType = sourcecode.swift; path = ViewTubeApp.swift; sourceTree = "<group>"; };
		74927AC22BB9C2DA00C76221 /* TabViewViewTube.swift */ = {isa = PBXFileReference; lastKnownFileType = sourcecode.swift; path = TabViewViewTube.swift; sourceTree = "<group>"; };
		74927AC42BB9C2E100C76221 /* Assets.xcassets */ = {isa = PBXFileReference; lastKnownFileType = folder.assetcatalog; path = Assets.xcassets; sourceTree = "<group>"; };
		74927AC72BB9C2E100C76221 /* Preview Assets.xcassets */ = {isa = PBXFileReference; lastKnownFileType = folder.assetcatalog; path = "Preview Assets.xcassets"; sourceTree = "<group>"; };
		74927ACF2BB9C55000C76221 /* LocalRoomView.swift */ = {isa = PBXFileReference; lastKnownFileType = sourcecode.swift; path = LocalRoomView.swift; sourceTree = "<group>"; };
		74927AD12BB9C56A00C76221 /* PrivateRoomView.swift */ = {isa = PBXFileReference; lastKnownFileType = sourcecode.swift; path = PrivateRoomView.swift; sourceTree = "<group>"; };
		74927AD32BB9C58E00C76221 /* MessageView.swift */ = {isa = PBXFileReference; lastKnownFileType = sourcecode.swift; path = MessageView.swift; sourceTree = "<group>"; };
/* End PBXFileReference section */

/* Begin PBXFrameworksBuildPhase section */
		74927ABA2BB9C2DA00C76221 /* Frameworks */ = {
			isa = PBXFrameworksBuildPhase;
			buildActionMask = 2147483647;
			files = (
			);
			runOnlyForDeploymentPostprocessing = 0;
		};
/* End PBXFrameworksBuildPhase section */

/* Begin PBXGroup section */
		741E95122BBB0199009E5FB0 /* Model */ = {
			isa = PBXGroup;
			children = (
				741E95132BBB05A6009E5FB0 /* Film.swift */,
				741E95152BBB05B2009E5FB0 /* User.swift */,
				741E95172BBB05BC009E5FB0 /* Order.swift */,
			);
			path = Model;
			sourceTree = "<group>";
		};
		741E951A2BBB0E83009E5FB0 /* Buttons */ = {
			isa = PBXGroup;
			children = (
				741E951B2BBB0EA4009E5FB0 /* CreateRoomButton.swift */,
			);
			path = Buttons;
			sourceTree = "<group>";
		};
		74927AB42BB9C2DA00C76221 = {
			isa = PBXGroup;
			children = (
				74927ABF2BB9C2DA00C76221 /* ViewTubeApp */,
				74927ABE2BB9C2DA00C76221 /* Products */,
			);
			sourceTree = "<group>";
		};
		74927ABE2BB9C2DA00C76221 /* Products */ = {
			isa = PBXGroup;
			children = (
				74927ABD2BB9C2DA00C76221 /* ViewTubeApp.app */,
			);
			name = Products;
			sourceTree = "<group>";
		};
		74927ABF2BB9C2DA00C76221 /* ViewTubeApp */ = {
			isa = PBXGroup;
			children = (
				741E951A2BBB0E83009E5FB0 /* Buttons */,
				74927AC02BB9C2DA00C76221 /* ViewTubeApp.swift */,
				741E95122BBB0199009E5FB0 /* Model */,
				74927ACE2BB9C53800C76221 /* Screens */,
				74927AC42BB9C2E100C76221 /* Assets.xcassets */,
				74927AC62BB9C2E100C76221 /* Preview Content */,
			);
			path = ViewTubeApp;
			sourceTree = "<group>";
		};
		74927AC62BB9C2E100C76221 /* Preview Content */ = {
			isa = PBXGroup;
			children = (
				74927AC72BB9C2E100C76221 /* Preview Assets.xcassets */,
			);
			path = "Preview Content";
			sourceTree = "<group>";
		};
		74927ACE2BB9C53800C76221 /* Screens */ = {
			isa = PBXGroup;
			children = (
				74927AC22BB9C2DA00C76221 /* TabViewViewTube.swift */,
				74927AD62BB9C5B600C76221 /* PrivateRoom */,
				74927AD52BB9C59A00C76221 /* LocalRoom */,
				74927AD72BB9C5CB00C76221 /* Message */,
			);
			path = Screens;
			sourceTree = "<group>";
		};
		74927AD52BB9C59A00C76221 /* LocalRoom */ = {
			isa = PBXGroup;
			children = (
				74927ACF2BB9C55000C76221 /* LocalRoomView.swift */,
			);
			path = LocalRoom;
			sourceTree = "<group>";
		};
		74927AD62BB9C5B600C76221 /* PrivateRoom */ = {
			isa = PBXGroup;
			children = (
				74927AD12BB9C56A00C76221 /* PrivateRoomView.swift */,
			);
			path = PrivateRoom;
			sourceTree = "<group>";
		};
		74927AD72BB9C5CB00C76221 /* Message */ = {
			isa = PBXGroup;
			children = (
				74927AD32BB9C58E00C76221 /* MessageView.swift */,
			);
			path = Message;
			sourceTree = "<group>";
		};
/* End PBXGroup section */

/* Begin PBXNativeTarget section */
		74927ABC2BB9C2DA00C76221 /* ViewTubeApp */ = {
			isa = PBXNativeTarget;
			buildConfigurationList = 74927ACB2BB9C2E100C76221 /* Build configuration list for PBXNativeTarget "ViewTubeApp" */;
			buildPhases = (
				74927AB92BB9C2DA00C76221 /* Sources */,
				74927ABA2BB9C2DA00C76221 /* Frameworks */,
				74927ABB2BB9C2DA00C76221 /* Resources */,
			);
			buildRules = (
			);
			dependencies = (
			);
			name = ViewTubeApp;
			productName = ViewTubeApp;
			productReference = 74927ABD2BB9C2DA00C76221 /* ViewTubeApp.app */;
			productType = "com.apple.product-type.application";
		};
/* End PBXNativeTarget section */

/* Begin PBXProject section */
		74927AB52BB9C2DA00C76221 /* Project object */ = {
			isa = PBXProject;
			attributes = {
				BuildIndependentTargetsInParallel = 1;
				LastSwiftUpdateCheck = 1420;
				LastUpgradeCheck = 1420;
				TargetAttributes = {
					74927ABC2BB9C2DA00C76221 = {
						CreatedOnToolsVersion = 14.2;
					};
				};
			};
			buildConfigurationList = 74927AB82BB9C2DA00C76221 /* Build configuration list for PBXProject "ViewTubeApp" */;
			compatibilityVersion = "Xcode 14.0";
			developmentRegion = en;
			hasScannedForEncodings = 0;
			knownRegions = (
				en,
				Base,
			);
			mainGroup = 74927AB42BB9C2DA00C76221;
			productRefGroup = 74927ABE2BB9C2DA00C76221 /* Products */;
			projectDirPath = "";
			projectRoot = "";
			targets = (
				74927ABC2BB9C2DA00C76221 /* ViewTubeApp */,
			);
		};
/* End PBXProject section */

/* Begin PBXResourcesBuildPhase section */
		74927ABB2BB9C2DA00C76221 /* Resources */ = {
			isa = PBXResourcesBuildPhase;
			buildActionMask = 2147483647;
			files = (
				74927AC82BB9C2E100C76221 /* Preview Assets.xcassets in Resources */,
				74927AC52BB9C2E100C76221 /* Assets.xcassets in Resources */,
			);
			runOnlyForDeploymentPostprocessing = 0;
		};
/* End PBXResourcesBuildPhase section */

/* Begin PBXSourcesBuildPhase section */
		74927AB92BB9C2DA00C76221 /* Sources */ = {
			isa = PBXSourcesBuildPhase;
			buildActionMask = 2147483647;
			files = (
				74927AD02BB9C55000C76221 /* LocalRoomView.swift in Sources */,
				741E95142BBB05A6009E5FB0 /* Film.swift in Sources */,
				741E95182BBB05BC009E5FB0 /* Order.swift in Sources */,
				74927AC32BB9C2DA00C76221 /* TabViewViewTube.swift in Sources */,
				74927AC12BB9C2DA00C76221 /* ViewTubeApp.swift in Sources */,
				741E951C2BBB0EA4009E5FB0 /* CreateRoomButton.swift in Sources */,
				74927AD22BB9C56A00C76221 /* PrivateRoomView.swift in Sources */,
				74927AD42BB9C58E00C76221 /* MessageView.swift in Sources */,
				741E95162BBB05B2009E5FB0 /* User.swift in Sources */,
			);
			runOnlyForDeploymentPostprocessing = 0;
		};
/* End PBXSourcesBuildPhase section */

/* Begin XCBuildConfiguration section */
		74927AC92BB9C2E100C76221 /* Debug */ = {
			isa = XCBuildConfiguration;
			buildSettings = {
				ALWAYS_SEARCH_USER_PATHS = NO;
				CLANG_ANALYZER_NONNULL = YES;
				CLANG_ANALYZER_NUMBER_OBJECT_CONVERSION = YES_AGGRESSIVE;
				CLANG_CXX_LANGUAGE_STANDARD = "gnu++20";
				CLANG_ENABLE_MODULES = YES;
				CLANG_ENABLE_OBJC_ARC = YES;
				CLANG_ENABLE_OBJC_WEAK = YES;
				CLANG_WARN_BLOCK_CAPTURE_AUTORELEASING = YES;
				CLANG_WARN_BOOL_CONVERSION = YES;
				CLANG_WARN_COMMA = YES;
				CLANG_WARN_CONSTANT_CONVERSION = YES;
				CLANG_WARN_DEPRECATED_OBJC_IMPLEMENTATIONS = YES;
				CLANG_WARN_DIRECT_OBJC_ISA_USAGE = YES_ERROR;
				CLANG_WARN_DOCUMENTATION_COMMENTS = YES;
				CLANG_WARN_EMPTY_BODY = YES;
				CLANG_WARN_ENUM_CONVERSION = YES;
				CLANG_WARN_INFINITE_RECURSION = YES;
				CLANG_WARN_INT_CONVERSION = YES;
				CLANG_WARN_NON_LITERAL_NULL_CONVERSION = YES;
				CLANG_WARN_OBJC_IMPLICIT_RETAIN_SELF = YES;
				CLANG_WARN_OBJC_LITERAL_CONVERSION = YES;
				CLANG_WARN_OBJC_ROOT_CLASS = YES_ERROR;
				CLANG_WARN_QUOTED_INCLUDE_IN_FRAMEWORK_HEADER = YES;
				CLANG_WARN_RANGE_LOOP_ANALYSIS = YES;
				CLANG_WARN_STRICT_PROTOTYPES = YES;
				CLANG_WARN_SUSPICIOUS_MOVE = YES;
				CLANG_WARN_UNGUARDED_AVAILABILITY = YES_AGGRESSIVE;
				CLANG_WARN_UNREACHABLE_CODE = YES;
				CLANG_WARN__DUPLICATE_METHOD_MATCH = YES;
				COPY_PHASE_STRIP = NO;
				DEBUG_INFORMATION_FORMAT = dwarf;
				ENABLE_STRICT_OBJC_MSGSEND = YES;
				ENABLE_TESTABILITY = YES;
				GCC_C_LANGUAGE_STANDARD = gnu11;
				GCC_DYNAMIC_NO_PIC = NO;
				GCC_NO_COMMON_BLOCKS = YES;
				GCC_OPTIMIZATION_LEVEL = 0;
				GCC_PREPROCESSOR_DEFINITIONS = (
					"DEBUG=1",
					"$(inherited)",
				);
				GCC_WARN_64_TO_32_BIT_CONVERSION = YES;
				GCC_WARN_ABOUT_RETURN_TYPE = YES_ERROR;
				GCC_WARN_UNDECLARED_SELECTOR = YES;
				GCC_WARN_UNINITIALIZED_AUTOS = YES_AGGRESSIVE;
				GCC_WARN_UNUSED_FUNCTION = YES;
				GCC_WARN_UNUSED_VARIABLE = YES;
				IPHONEOS_DEPLOYMENT_TARGET = 16.2;
				MTL_ENABLE_DEBUG_INFO = INCLUDE_SOURCE;
				MTL_FAST_MATH = YES;
				ONLY_ACTIVE_ARCH = YES;
				SDKROOT = iphoneos;
				SWIFT_ACTIVE_COMPILATION_CONDITIONS = DEBUG;
				SWIFT_OPTIMIZATION_LEVEL = "-Onone";
			};
			name = Debug;
		};
		74927ACA2BB9C2E100C76221 /* Release */ = {
			isa = XCBuildConfiguration;
			buildSettings = {
				ALWAYS_SEARCH_USER_PATHS = NO;
				CLANG_ANALYZER_NONNULL = YES;
				CLANG_ANALYZER_NUMBER_OBJECT_CONVERSION = YES_AGGRESSIVE;
				CLANG_CXX_LANGUAGE_STANDARD = "gnu++20";
				CLANG_ENABLE_MODULES = YES;
				CLANG_ENABLE_OBJC_ARC = YES;
				CLANG_ENABLE_OBJC_WEAK = YES;
				CLANG_WARN_BLOCK_CAPTURE_AUTORELEASING = YES;
				CLANG_WARN_BOOL_CONVERSION = YES;
				CLANG_WARN_COMMA = YES;
				CLANG_WARN_CONSTANT_CONVERSION = YES;
				CLANG_WARN_DEPRECATED_OBJC_IMPLEMENTATIONS = YES;
				CLANG_WARN_DIRECT_OBJC_ISA_USAGE = YES_ERROR;
				CLANG_WARN_DOCUMENTATION_COMMENTS = YES;
				CLANG_WARN_EMPTY_BODY = YES;
				CLANG_WARN_ENUM_CONVERSION = YES;
				CLANG_WARN_INFINITE_RECURSION = YES;
				CLANG_WARN_INT_CONVERSION = YES;
				CLANG_WARN_NON_LITERAL_NULL_CONVERSION = YES;
				CLANG_WARN_OBJC_IMPLICIT_RETAIN_SELF = YES;
				CLANG_WARN_OBJC_LITERAL_CONVERSION = YES;
				CLANG_WARN_OBJC_ROOT_CLASS = YES_ERROR;
				CLANG_WARN_QUOTED_INCLUDE_IN_FRAMEWORK_HEADER = YES;
				CLANG_WARN_RANGE_LOOP_ANALYSIS = YES;
				CLANG_WARN_STRICT_PROTOTYPES = YES;
				CLANG_WARN_SUSPICIOUS_MOVE = YES;
				CLANG_WARN_UNGUARDED_AVAILABILITY = YES_AGGRESSIVE;
				CLANG_WARN_UNREACHABLE_CODE = YES;
				CLANG_WARN__DUPLICATE_METHOD_MATCH = YES;
				COPY_PHASE_STRIP = NO;
				DEBUG_INFORMATION_FORMAT = "dwarf-with-dsym";
				ENABLE_NS_ASSERTIONS = NO;
				ENABLE_STRICT_OBJC_MSGSEND = YES;
				GCC_C_LANGUAGE_STANDARD = gnu11;
				GCC_NO_COMMON_BLOCKS = YES;
				GCC_WARN_64_TO_32_BIT_CONVERSION = YES;
				GCC_WARN_ABOUT_RETURN_TYPE = YES_ERROR;
				GCC_WARN_UNDECLARED_SELECTOR = YES;
				GCC_WARN_UNINITIALIZED_AUTOS = YES_AGGRESSIVE;
				GCC_WARN_UNUSED_FUNCTION = YES;
				GCC_WARN_UNUSED_VARIABLE = YES;
				IPHONEOS_DEPLOYMENT_TARGET = 16.2;
				MTL_ENABLE_DEBUG_INFO = NO;
				MTL_FAST_MATH = YES;
				SDKROOT = iphoneos;
				SWIFT_COMPILATION_MODE = wholemodule;
				SWIFT_OPTIMIZATION_LEVEL = "-O";
				VALIDATE_PRODUCT = YES;
			};
			name = Release;
		};
		74927ACC2BB9C2E100C76221 /* Debug */ = {
			isa = XCBuildConfiguration;
			buildSettings = {
				ASSETCATALOG_COMPILER_APPICON_NAME = AppIcon;
				ASSETCATALOG_COMPILER_GLOBAL_ACCENT_COLOR_NAME = AccentColor;
				CODE_SIGN_STYLE = Automatic;
				CURRENT_PROJECT_VERSION = 1;
				DEVELOPMENT_ASSET_PATHS = "\"ViewTubeApp/Preview Content\"";
				DEVELOPMENT_TEAM = SMPKNPT46X;
				ENABLE_PREVIEWS = YES;
				GENERATE_INFOPLIST_FILE = YES;
				INFOPLIST_KEY_UIApplicationSceneManifest_Generation = YES;
				INFOPLIST_KEY_UIApplicationSupportsIndirectInputEvents = YES;
				INFOPLIST_KEY_UILaunchScreen_Generation = YES;
				INFOPLIST_KEY_UISupportedInterfaceOrientations_iPad = "UIInterfaceOrientationPortrait UIInterfaceOrientationPortraitUpsideDown UIInterfaceOrientationLandscapeLeft UIInterfaceOrientationLandscapeRight";
				INFOPLIST_KEY_UISupportedInterfaceOrientations_iPhone = "UIInterfaceOrientationPortrait UIInterfaceOrientationLandscapeLeft UIInterfaceOrientationLandscapeRight";
				LD_RUNPATH_SEARCH_PATHS = (
					"$(inherited)",
					"@executable_path/Frameworks",
				);
				MARKETING_VERSION = 1.0;
				PRODUCT_BUNDLE_IDENTIFIER = "-.ViewTubeApp";
				PRODUCT_NAME = "$(TARGET_NAME)";
				SWIFT_EMIT_LOC_STRINGS = YES;
				SWIFT_VERSION = 5.0;
				TARGETED_DEVICE_FAMILY = "1,2";
			};
			name = Debug;
		};
		74927ACD2BB9C2E100C76221 /* Release */ = {
			isa = XCBuildConfiguration;
			buildSettings = {
				ASSETCATALOG_COMPILER_APPICON_NAME = AppIcon;
				ASSETCATALOG_COMPILER_GLOBAL_ACCENT_COLOR_NAME = AccentColor;
				CODE_SIGN_STYLE = Automatic;
				CURRENT_PROJECT_VERSION = 1;
				DEVELOPMENT_ASSET_PATHS = "\"ViewTubeApp/Preview Content\"";
				DEVELOPMENT_TEAM = SMPKNPT46X;
				ENABLE_PREVIEWS = YES;
				GENERATE_INFOPLIST_FILE = YES;
				INFOPLIST_KEY_UIApplicationSceneManifest_Generation = YES;
				INFOPLIST_KEY_UIApplicationSupportsIndirectInputEvents = YES;
				INFOPLIST_KEY_UILaunchScreen_Generation = YES;
				INFOPLIST_KEY_UISupportedInterfaceOrientations_iPad = "UIInterfaceOrientationPortrait UIInterfaceOrientationPortraitUpsideDown UIInterfaceOrientationLandscapeLeft UIInterfaceOrientationLandscapeRight";
				INFOPLIST_KEY_UISupportedInterfaceOrientations_iPhone = "UIInterfaceOrientationPortrait UIInterfaceOrientationLandscapeLeft UIInterfaceOrientationLandscapeRight";
				LD_RUNPATH_SEARCH_PATHS = (
					"$(inherited)",
					"@executable_path/Frameworks",
				);
				MARKETING_VERSION = 1.0;
				PRODUCT_BUNDLE_IDENTIFIER = "-.ViewTubeApp";
				PRODUCT_NAME = "$(TARGET_NAME)";
				SWIFT_EMIT_LOC_STRINGS = YES;
				SWIFT_VERSION = 5.0;
				TARGETED_DEVICE_FAMILY = "1,2";
			};
			name = Release;
		};
/* End XCBuildConfiguration section */

/* Begin XCConfigurationList section */
		74927AB82BB9C2DA00C76221 /* Build configuration list for PBXProject "ViewTubeApp" */ = {
			isa = XCConfigurationList;
			buildConfigurations = (
				74927AC92BB9C2E100C76221 /* Debug */,
				74927ACA2BB9C2E100C76221 /* Release */,
			);
			defaultConfigurationIsVisible = 0;
			defaultConfigurationName = Release;
		};
		74927ACB2BB9C2E100C76221 /* Build configuration list for PBXNativeTarget "ViewTubeApp" */ = {
			isa = XCConfigurationList;
			buildConfigurations = (
				74927ACC2BB9C2E100C76221 /* Debug */,
				74927ACD2BB9C2E100C76221 /* Release */,
			);
			defaultConfigurationIsVisible = 0;
			defaultConfigurationName = Release;
		};
/* End XCConfigurationList section */
	};
	rootObject = 74927AB52BB9C2DA00C76221 /* Project object */;
}
